
Microsoft Visual Studio Solution File, Format Version 12.00
# Visual Studio Version 17
VisualStudioVersion = 17.3.32901.215
MinimumVisualStudioVersion = 10.0.40219.1
Project("{FAE04EC0-301F-11D3-BF4B-00C04F79EFBC}") = "KamrulTest", "KamrulTest\KamrulTest.csproj", "{CC04186C-2336-47EB-8876-10B3179AAD4A}"
EndProject
Global
	GlobalSection(SolutionConfigurationPlatforms) = preSolution
		Debug|Any CPU = Debug|Any CPU
		Release|Any CPU = Release|Any CPU
	EndGlobalSection
	GlobalSection(ProjectConfigurationPlatforms) = postSolution
		{CC04186C-2336-47EB-8876-10B3179AAD4A}.Debug|Any CPU.ActiveCfg = Debug|Any CPU
		{CC04186C-2336-47EB-8876-10B3179AAD4A}.Debug|Any CPU.Build.0 = Debug|Any CPU
		{CC04186C-2336-47EB-8876-10B3179AAD4A}.Release|Any CPU.ActiveCfg = Release|Any CPU
		{CC04186C-2336-47EB-8876-10B3179AAD4A}.Release|Any CPU.Build.0 = Release|Any CPU
	EndGlobalSection
	GlobalSection(SolutionProperties) = preSolution
		HideSolutionNode = FALSE
	EndGlobalSection
	GlobalSection(ExtensibilityGlobals) = postSolution
		SolutionGuid = {92A7A70B-33FC-451F-AC4C-D934D9542ACF}
	EndGlobalSection
EndGlobal
